
Microsoft Visual Studio Solution File, Format Version 12.00
# Visual Studio 15
VisualStudioVersion = 15.0.28010.2048
MinimumVisualStudioVersion = 10.0.40219.1
Project("{FAE04EC0-301F-11D3-BF4B-00C04F79EFBC}") = "WindowsFormsApp2", "WindowsFormsApp2\WindowsFormsApp2.csproj", "{0B4555AE-64FC-493F-8684-A2EA61677C20}"
EndProject
Global
	GlobalSection(SolutionConfigurationPlatforms) = preSolution
		Debug|Any CPU = Debug|Any CPU
		Release|Any CPU = Release|Any CPU
	EndGlobalSection
	GlobalSection(ProjectConfigurationPlatforms) = postSolution
		{0B4555AE-64FC-493F-8684-A2EA61677C20}.Debug|Any CPU.ActiveCfg = Debug|Any CPU
		{0B4555AE-64FC-493F-8684-A2EA61677C20}.Debug|Any CPU.Build.0 = Debug|Any CPU
		{0B4555AE-64FC-493F-8684-A2EA61677C20}.Release|Any CPU.ActiveCfg = Release|Any CPU
		{0B4555AE-64FC-493F-8684-A2EA61677C20}.Release|Any CPU.Build.0 = Release|Any CPU
	EndGlobalSection
	GlobalSection(SolutionProperties) = preSolution
		HideSolutionNode = FALSE
	EndGlobalSection
	GlobalSection(ExtensibilityGlobals) = postSolution
		SolutionGuid = {F3B9372A-B5D4-410B-892F-385C47D093D4}
	EndGlobalSection
EndGlobal
